
Microsoft Visual Studio Solution File, Format Version 12.00
# Visual Studio Version 17
VisualStudioVersion = 17.2.32408.312
MinimumVisualStudioVersion = 10.0.40219.1
Project("{9A19103F-16F7-4668-BE54-9A1E7A4F7556}") = "DepsUpdater", "DepsUpdater\DepsUpdater.csproj", "{6986BCAF-1936-472F-B709-E6B68D2F3F22}"
EndProject
Project("{2150E333-8FDC-42A3-9474-1A3956D46DE8}") = "Solution Items", "Solution Items", "{764760F3-D1C4-4279-943B-0F336F18E9AC}"
	ProjectSection(SolutionItems) = preProject
		.editorconfig = .editorconfig
		.github\workflows\ci.yml = .github\workflows\ci.yml
		Directory.Build.props = Directory.Build.props
		global.json = global.json
	EndProjectSection
EndProject
Project("{FAE04EC0-301F-11D3-BF4B-00C04F79EFBC}") = "DepsUpdater.Tests", "DepsUpdater.Tests\DepsUpdater.Tests.csproj", "{90E916F5-0F50-45BD-91EA-AC346CA68941}"
EndProject
Global
	GlobalSection(SolutionConfigurationPlatforms) = preSolution
		Debug|Any CPU = Debug|Any CPU
		Release|Any CPU = Release|Any CPU
	EndGlobalSection
	GlobalSection(ProjectConfigurationPlatforms) = postSolution
		{6986BCAF-1936-472F-B709-E6B68D2F3F22}.Debug|Any CPU.ActiveCfg = Debug|Any CPU
		{6986BCAF-1936-472F-B709-E6B68D2F3F22}.Debug|Any CPU.Build.0 = Debug|Any CPU
		{6986BCAF-1936-472F-B709-E6B68D2F3F22}.Release|Any CPU.ActiveCfg = Release|Any CPU
		{6986BCAF-1936-472F-B709-E6B68D2F3F22}.Release|Any CPU.Build.0 = Release|Any CPU
		{90E916F5-0F50-45BD-91EA-AC346CA68941}.Debug|Any CPU.ActiveCfg = Debug|Any CPU
		{90E916F5-0F50-45BD-91EA-AC346CA68941}.Debug|Any CPU.Build.0 = Debug|Any CPU
		{90E916F5-0F50-45BD-91EA-AC346CA68941}.Release|Any CPU.ActiveCfg = Release|Any CPU
		{90E916F5-0F50-45BD-91EA-AC346CA68941}.Release|Any CPU.Build.0 = Release|Any CPU
	EndGlobalSection
	GlobalSection(SolutionProperties) = preSolution
		HideSolutionNode = FALSE
	EndGlobalSection
	GlobalSection(ExtensibilityGlobals) = postSolution
		SolutionGuid = {889DD9B2-0FD4-4041-A73E-E876F3747792}
	EndGlobalSection
EndGlobal
